
Microsoft Visual Studio Solution File, Format Version 11.00
# Visual Studio 2010
Project("{8BC9CEB8-8B4A-11D0-8D11-00A0C91BC942}") = "NamedPipeTest", "NamedPipeTest\NamedPipeTest.vcxproj", "{F6C58CDA-A12B-4399-84CC-6BAEB2777B5F}"
EndProject
Project("{8BC9CEB8-8B4A-11D0-8D11-00A0C91BC942}") = "NPTestAsync", "NPTestAsync\NPTestAsync.vcxproj", "{C32183C7-36A8-4736-9B73-C56815B32118}"
EndProject
Project("{8BC9CEB8-8B4A-11D0-8D11-00A0C91BC942}") = "zudp", "zudp\zudp.vcxproj", "{4A72B929-00AF-4D36-9918-3B59716FE91F}"
EndProject
Global
	GlobalSection(SolutionConfigurationPlatforms) = preSolution
		Debug|Win32 = Debug|Win32
		Debug|x64 = Debug|x64
		Release|Win32 = Release|Win32
		Release|x64 = Release|x64
	EndGlobalSection
	GlobalSection(ProjectConfigurationPlatforms) = postSolution
		{F6C58CDA-A12B-4399-84CC-6BAEB2777B5F}.Debug|Win32.ActiveCfg = Debug|Win32
		{F6C58CDA-A12B-4399-84CC-6BAEB2777B5F}.Debug|Win32.Build.0 = Debug|Win32
		{F6C58CDA-A12B-4399-84CC-6BAEB2777B5F}.Debug|x64.ActiveCfg = Debug|Win32
		{F6C58CDA-A12B-4399-84CC-6BAEB2777B5F}.Release|Win32.ActiveCfg = Release|Win32
		{F6C58CDA-A12B-4399-84CC-6BAEB2777B5F}.Release|Win32.Build.0 = Release|Win32
		{F6C58CDA-A12B-4399-84CC-6BAEB2777B5F}.Release|x64.ActiveCfg = Release|Win32
		{C32183C7-36A8-4736-9B73-C56815B32118}.Debug|Win32.ActiveCfg = Debug|Win32
		{C32183C7-36A8-4736-9B73-C56815B32118}.Debug|Win32.Build.0 = Debug|Win32
		{C32183C7-36A8-4736-9B73-C56815B32118}.Debug|x64.ActiveCfg = Debug|Win32
		{C32183C7-36A8-4736-9B73-C56815B32118}.Release|Win32.ActiveCfg = Release|Win32
		{C32183C7-36A8-4736-9B73-C56815B32118}.Release|Win32.Build.0 = Release|Win32
		{C32183C7-36A8-4736-9B73-C56815B32118}.Release|x64.ActiveCfg = Release|Win32
		{4A72B929-00AF-4D36-9918-3B59716FE91F}.Debug|Win32.ActiveCfg = Debug|Win32
		{4A72B929-00AF-4D36-9918-3B59716FE91F}.Debug|Win32.Build.0 = Debug|Win32
		{4A72B929-00AF-4D36-9918-3B59716FE91F}.Debug|x64.ActiveCfg = Debug|x64
		{4A72B929-00AF-4D36-9918-3B59716FE91F}.Debug|x64.Build.0 = Debug|x64
		{4A72B929-00AF-4D36-9918-3B59716FE91F}.Release|Win32.ActiveCfg = Release|Win32
		{4A72B929-00AF-4D36-9918-3B59716FE91F}.Release|Win32.Build.0 = Release|Win32
		{4A72B929-00AF-4D36-9918-3B59716FE91F}.Release|x64.ActiveCfg = Release|x64
		{4A72B929-00AF-4D36-9918-3B59716FE91F}.Release|x64.Build.0 = Release|x64
	EndGlobalSection
	GlobalSection(SolutionProperties) = preSolution
		HideSolutionNode = FALSE
	EndGlobalSection
EndGlobal
